// !$*UTF8*$!
{
	archiveVersion = 1;
	classes = {
	};
	objectVersion = 55;
	objects = {

/* Begin PBXBuildFile section */
		5CAA10D8D92EB382574712B1 /* Pods_playo.framework in Frameworks */ = {isa = PBXBuildFile; fileRef = 6873A6F39227579E237F4CDE /* Pods_playo.framework */; };
		DA74543C2835D3A600135D37 /* WebViewController.swift in Sources */ = {isa = PBXBuildFile; fileRef = DA74543B2835D3A600135D37 /* WebViewController.swift */; };
		DAA51EA9283544C900529F56 /* AppDelegate.swift in Sources */ = {isa = PBXBuildFile; fileRef = DAA51EA8283544C900529F56 /* AppDelegate.swift */; };
		DAA51EAB283544C900529F56 /* SceneDelegate.swift in Sources */ = {isa = PBXBuildFile; fileRef = DAA51EAA283544C900529F56 /* SceneDelegate.swift */; };
		DAA51EAD283544C900529F56 /* ViewController.swift in Sources */ = {isa = PBXBuildFile; fileRef = DAA51EAC283544C900529F56 /* ViewController.swift */; };
		DAA51EB0283544C900529F56 /* Main.storyboard in Resources */ = {isa = PBXBuildFile; fileRef = DAA51EAE283544C900529F56 /* Main.storyboard */; };
		DAA51EB2283544C900529F56 /* Assets.xcassets in Resources */ = {isa = PBXBuildFile; fileRef = DAA51EB1283544C900529F56 /* Assets.xcassets */; };
		DAA51EB5283544C900529F56 /* LaunchScreen.storyboard in Resources */ = {isa = PBXBuildFile; fileRef = DAA51EB3283544C900529F56 /* LaunchScreen.storyboard */; };
		DAA51EC2283545D300529F56 /* NewsTableViewCell.swift in Sources */ = {isa = PBXBuildFile; fileRef = DAA51EC0283545D300529F56 /* NewsTableViewCell.swift */; };
		DAA51EC3283545D300529F56 /* NewsTableViewCell.xib in Resources */ = {isa = PBXBuildFile; fileRef = DAA51EC1283545D300529F56 /* NewsTableViewCell.xib */; };
		DAA51EC5283546FB00529F56 /* NewsDataModel.swift in Sources */ = {isa = PBXBuildFile; fileRef = DAA51EC4283546FB00529F56 /* NewsDataModel.swift */; };
		DAA51EC7283551A500529F56 /* appExtension.swift in Sources */ = {isa = PBXBuildFile; fileRef = DAA51EC6283551A500529F56 /* appExtension.swift */; };
/* End PBXBuildFile section */

/* Begin PBXFileReference section */
		6873A6F39227579E237F4CDE /* Pods_playo.framework */ = {isa = PBXFileReference; explicitFileType = wrapper.framework; includeInIndex = 0; path = Pods_playo.framework; sourceTree = BUILT_PRODUCTS_DIR; };
		DA74543B2835D3A600135D37 /* WebViewController.swift */ = {isa = PBXFileReference; lastKnownFileType = sourcecode.swift; path = WebViewController.swift; sourceTree = "<group>"; };
		DAA51EA5283544C900529F56 /* playo.app */ = {isa = PBXFileReference; explicitFileType = wrapper.application; includeInIndex = 0; path = playo.app; sourceTree = BUILT_PRODUCTS_DIR; };
		DAA51EA8283544C900529F56 /* AppDelegate.swift */ = {isa = PBXFileReference; lastKnownFileType = sourcecode.swift; path = AppDelegate.swift; sourceTree = "<group>"; };
		DAA51EAA283544C900529F56 /* SceneDelegate.swift */ = {isa = PBXFileReference; lastKnownFileType = sourcecode.swift; path = SceneDelegate.swift; sourceTree = "<group>"; };
		DAA51EAC283544C900529F56 /* ViewController.swift */ = {isa = PBXFileReference; lastKnownFileType = sourcecode.swift; path = ViewController.swift; sourceTree = "<group>"; };
		DAA51EAF283544C900529F56 /* Base */ = {isa = PBXFileReference; lastKnownFileType = file.storyboard; name = Base; path = Base.lproj/Main.storyboard; sourceTree = "<group>"; };
		DAA51EB1283544C900529F56 /* Assets.xcassets */ = {isa = PBXFileReference; lastKnownFileType = folder.assetcatalog; path = Assets.xcassets; sourceTree = "<group>"; };
		DAA51EB4283544C900529F56 /* Base */ = {isa = PBXFileReference; lastKnownFileType = file.storyboard; name = Base; path = Base.lproj/LaunchScreen.storyboard; sourceTree = "<group>"; };
		DAA51EB6283544C900529F56 /* Info.plist */ = {isa = PBXFileReference; lastKnownFileType = text.plist.xml; path = Info.plist; sourceTree = "<group>"; };
		DAA51EC0283545D300529F56 /* NewsTableViewCell.swift */ = {isa = PBXFileReference; lastKnownFileType = sourcecode.swift; path = NewsTableViewCell.swift; sourceTree = "<group>"; };
		DAA51EC1283545D300529F56 /* NewsTableViewCell.xib */ = {isa = PBXFileReference; lastKnownFileType = file.xib; path = NewsTableViewCell.xib; sourceTree = "<group>"; };
		DAA51EC4283546FB00529F56 /* NewsDataModel.swift */ = {isa = PBXFileReference; lastKnownFileType = sourcecode.swift; path = NewsDataModel.swift; sourceTree = "<group>"; };
		DAA51EC6283551A500529F56 /* appExtension.swift */ = {isa = PBXFileReference; lastKnownFileType = sourcecode.swift; path = appExtension.swift; sourceTree = "<group>"; };
		F08AE6A733703BD221B4BD47 /* Pods-playo.debug.xcconfig */ = {isa = PBXFileReference; includeInIndex = 1; lastKnownFileType = text.xcconfig; name = "Pods-playo.debug.xcconfig"; path = "Target Support Files/Pods-playo/Pods-playo.debug.xcconfig"; sourceTree = "<group>"; };
		F1E7B1ED07F0EA4874CAE718 /* Pods-playo.release.xcconfig */ = {isa = PBXFileReference; includeInIndex = 1; lastKnownFileType = text.xcconfig; name = "Pods-playo.release.xcconfig"; path = "Target Support Files/Pods-playo/Pods-playo.release.xcconfig"; sourceTree = "<group>"; };
/* End PBXFileReference section */

/* Begin PBXFrameworksBuildPhase section */
		DAA51EA2283544C900529F56 /* Frameworks */ = {
			isa = PBXFrameworksBuildPhase;
			buildActionMask = 2147483647;
			files = (
				5CAA10D8D92EB382574712B1 /* Pods_playo.framework in Frameworks */,
			);
			runOnlyForDeploymentPostprocessing = 0;
		};
/* End PBXFrameworksBuildPhase section */

/* Begin PBXGroup section */
		49DAEF9374C5334F3EAAA714 /* Pods */ = {
			isa = PBXGroup;
			children = (
				F08AE6A733703BD221B4BD47 /* Pods-playo.debug.xcconfig */,
				F1E7B1ED07F0EA4874CAE718 /* Pods-playo.release.xcconfig */,
			);
			path = Pods;
			sourceTree = "<group>";
		};
		61DE7DD5113D7FA9CC6253E1 /* Frameworks */ = {
			isa = PBXGroup;
			children = (
				6873A6F39227579E237F4CDE /* Pods_playo.framework */,
			);
			name = Frameworks;
			sourceTree = "<group>";
		};
		DAA51E9C283544C900529F56 = {
			isa = PBXGroup;
			children = (
				DAA51EA7283544C900529F56 /* playo */,
				DAA51EA6283544C900529F56 /* Products */,
				49DAEF9374C5334F3EAAA714 /* Pods */,
				61DE7DD5113D7FA9CC6253E1 /* Frameworks */,
			);
			sourceTree = "<group>";
		};
		DAA51EA6283544C900529F56 /* Products */ = {
			isa = PBXGroup;
			children = (
				DAA51EA5283544C900529F56 /* playo.app */,
			);
			name = Products;
			sourceTree = "<group>";
		};
		DAA51EA7283544C900529F56 /* playo */ = {
			isa = PBXGroup;
			children = (
				DAA51EBF283544F800529F56 /* HelpingFiles */,
				DAA51EBC283544D300529F56 /* Model */,
				DAA51EBD283544DD00529F56 /* View */,
				DAA51EBE283544E500529F56 /* Controller */,
				DAA51EB6283544C900529F56 /* Info.plist */,
			);
			path = playo;
			sourceTree = "<group>";
		};
		DAA51EBC283544D300529F56 /* Model */ = {
			isa = PBXGroup;
			children = (
				DAA51EC4283546FB00529F56 /* NewsDataModel.swift */,
			);
			path = Model;
			sourceTree = "<group>";
		};
		DAA51EBD283544DD00529F56 /* View */ = {
			isa = PBXGroup;
			children = (
				DAA51EC1283545D300529F56 /* NewsTableViewCell.xib */,
				DAA51EB3283544C900529F56 /* LaunchScreen.storyboard */,
				DAA51EAE283544C900529F56 /* Main.storyboard */,
			);
			path = View;
			sourceTree = "<group>";
		};
		DAA51EBE283544E500529F56 /* Controller */ = {
			isa = PBXGroup;
			children = (
				DAA51EAC283544C900529F56 /* ViewController.swift */,
				DA74543B2835D3A600135D37 /* WebViewController.swift */,
				DAA51EC0283545D300529F56 /* NewsTableViewCell.swift */,
			);
			path = Controller;
			sourceTree = "<group>";
		};
		DAA51EBF283544F800529F56 /* HelpingFiles */ = {
			isa = PBXGroup;
			children = (
				DAA51EB1283544C900529F56 /* Assets.xcassets */,
				DAA51EA8283544C900529F56 /* AppDelegate.swift */,
				DAA51EAA283544C900529F56 /* SceneDelegate.swift */,
				DAA51EC6283551A500529F56 /* appExtension.swift */,
			);
			path = HelpingFiles;
			sourceTree = "<group>";
		};
/* End PBXGroup section */

/* Begin PBXNativeTarget section */
		DAA51EA4283544C900529F56 /* playo */ = {
			isa = PBXNativeTarget;
			buildConfigurationList = DAA51EB9283544C900529F56 /* Build configuration list for PBXNativeTarget "playo" */;
			buildPhases = (
				85564D40673A5FE6CB50D085 /* [CP] Check Pods Manifest.lock */,
				DAA51EA1283544C900529F56 /* Sources */,
				DAA51EA2283544C900529F56 /* Frameworks */,
				DAA51EA3283544C900529F56 /* Resources */,
				86C326AA59A4534D6957AB29 /* [CP] Embed Pods Frameworks */,
			);
			buildRules = (
			);
			dependencies = (
			);
			name = playo;
			productName = playo;
			productReference = DAA51EA5283544C900529F56 /* playo.app */;
			productType = "com.apple.product-type.application";
		};
/* End PBXNativeTarget section */

/* Begin PBXProject section */
		DAA51E9D283544C900529F56 /* Project object */ = {
			isa = PBXProject;
			attributes = {
				BuildIndependentTargetsInParallel = 1;
				LastSwiftUpdateCheck = 1330;
				LastUpgradeCheck = 1330;
				TargetAttributes = {
					DAA51EA4283544C900529F56 = {
						CreatedOnToolsVersion = 13.3.1;
					};
				};
			};
			buildConfigurationList = DAA51EA0283544C900529F56 /* Build configuration list for PBXProject "playo" */;
			compatibilityVersion = "Xcode 13.0";
			developmentRegion = en;
			hasScannedForEncodings = 0;
			knownRegions = (
				en,
				Base,
			);
			mainGroup = DAA51E9C283544C900529F56;
			productRefGroup = DAA51EA6283544C900529F56 /* Products */;
			projectDirPath = "";
			projectRoot = "";
			targets = (
				DAA51EA4283544C900529F56 /* playo */,
			);
		};
/* End PBXProject section */

/* Begin PBXResourcesBuildPhase section */
		DAA51EA3283544C900529F56 /* Resources */ = {
			isa = PBXResourcesBuildPhase;
			buildActionMask = 2147483647;
			files = (
				DAA51EB5283544C900529F56 /* LaunchScreen.storyboard in Resources */,
				DAA51EB2283544C900529F56 /* Assets.xcassets in Resources */,
				DAA51EC3283545D300529F56 /* NewsTableViewCell.xib in Resources */,
				DAA51EB0283544C900529F56 /* Main.storyboard in Resources */,
			);
			runOnlyForDeploymentPostprocessing = 0;
		};
/* End PBXResourcesBuildPhase section */

/* Begin PBXShellScriptBuildPhase section */
		85564D40673A5FE6CB50D085 /* [CP] Check Pods Manifest.lock */ = {
			isa = PBXShellScriptBuildPhase;
			buildActionMask = 2147483647;
			files = (
			);
			inputFileListPaths = (
			);
			inputPaths = (
				"${PODS_PODFILE_DIR_PATH}/Podfile.lock",
				"${PODS_ROOT}/Manifest.lock",
			);
			name = "[CP] Check Pods Manifest.lock";
			outputFileListPaths = (
			);
			outputPaths = (
				"$(DERIVED_FILE_DIR)/Pods-playo-checkManifestLockResult.txt",
			);
			runOnlyForDeploymentPostprocessing = 0;
			shellPath = /bin/sh;
			shellScript = "diff \"${PODS_PODFILE_DIR_PATH}/Podfile.lock\" \"${PODS_ROOT}/Manifest.lock\" > /dev/null\nif [ $? != 0 ] ; then\n    # print error to STDERR\n    echo \"error: The sandbox is not in sync with the Podfile.lock. Run 'pod install' or update your CocoaPods installation.\" >&2\n    exit 1\nfi\n# This output is used by Xcode 'outputs' to avoid re-running this script phase.\necho \"SUCCESS\" > \"${SCRIPT_OUTPUT_FILE_0}\"\n";
			showEnvVarsInLog = 0;
		};
		86C326AA59A4534D6957AB29 /* [CP] Embed Pods Frameworks */ = {
			isa = PBXShellScriptBuildPhase;
			buildActionMask = 2147483647;
			files = (
			);
			inputFileListPaths = (
				"${PODS_ROOT}/Target Support Files/Pods-playo/Pods-playo-frameworks-${CONFIGURATION}-input-files.xcfilelist",
			);
			name = "[CP] Embed Pods Frameworks";
			outputFileListPaths = (
				"${PODS_ROOT}/Target Support Files/Pods-playo/Pods-playo-frameworks-${CONFIGURATION}-output-files.xcfilelist",
			);
			runOnlyForDeploymentPostprocessing = 0;
			shellPath = /bin/sh;
			shellScript = "\"${PODS_ROOT}/Target Support Files/Pods-playo/Pods-playo-frameworks.sh\"\n";
			showEnvVarsInLog = 0;
		};
/* End PBXShellScriptBuildPhase section */

/* Begin PBXSourcesBuildPhase section */
		DAA51EA1283544C900529F56 /* Sources */ = {
			isa = PBXSourcesBuildPhase;
			buildActionMask = 2147483647;
			files = (
				DAA51EC5283546FB00529F56 /* NewsDataModel.swift in Sources */,
				DAA51EC7283551A500529F56 /* appExtension.swift in Sources */,
				DAA51EAD283544C900529F56 /* ViewController.swift in Sources */,
				DAA51EA9283544C900529F56 /* AppDelegate.swift in Sources */,
				DA74543C2835D3A600135D37 /* WebViewController.swift in Sources */,
				DAA51EC2283545D300529F56 /* NewsTableViewCell.swift in Sources */,
				DAA51EAB283544C900529F56 /* SceneDelegate.swift in Sources */,
			);
			runOnlyForDeploymentPostprocessing = 0;
		};
/* End PBXSourcesBuildPhase section */

/* Begin PBXVariantGroup section */
		DAA51EAE283544C900529F56 /* Main.storyboard */ = {
			isa = PBXVariantGroup;
			children = (
				DAA51EAF283544C900529F56 /* Base */,
			);
			name = Main.storyboard;
			sourceTree = "<group>";
		};
		DAA51EB3283544C900529F56 /* LaunchScreen.storyboard */ = {
			isa = PBXVariantGroup;
			children = (
				DAA51EB4283544C900529F56 /* Base */,
			);
			name = LaunchScreen.storyboard;
			sourceTree = "<group>";
		};
/* End PBXVariantGroup section */

/* Begin XCBuildConfiguration section */
		DAA51EB7283544C900529F56 /* Debug */ = {
			isa = XCBuildConfiguration;
			buildSettings = {
				ALWAYS_SEARCH_USER_PATHS = NO;
				CLANG_ANALYZER_NONNULL = YES;
				CLANG_ANALYZER_NUMBER_OBJECT_CONVERSION = YES_AGGRESSIVE;
				CLANG_CXX_LANGUAGE_STANDARD = "gnu++17";
				CLANG_ENABLE_MODULES = YES;
				CLANG_ENABLE_OBJC_ARC = YES;
				CLANG_ENABLE_OBJC_WEAK = YES;
				CLANG_WARN_BLOCK_CAPTURE_AUTORELEASING = YES;
				CLANG_WARN_BOOL_CONVERSION = YES;
				CLANG_WARN_COMMA = YES;
				CLANG_WARN_CONSTANT_CONVERSION = YES;
				CLANG_WARN_DEPRECATED_OBJC_IMPLEMENTATIONS = YES;
				CLANG_WARN_DIRECT_OBJC_ISA_USAGE = YES_ERROR;
				CLANG_WARN_DOCUMENTATION_COMMENTS = YES;
				CLANG_WARN_EMPTY_BODY = YES;
				CLANG_WARN_ENUM_CONVERSION = YES;
				CLANG_WARN_INFINITE_RECURSION = YES;
				CLANG_WARN_INT_CONVERSION = YES;
				CLANG_WARN_NON_LITERAL_NULL_CONVERSION = YES;
				CLANG_WARN_OBJC_IMPLICIT_RETAIN_SELF = YES;
				CLANG_WARN_OBJC_LITERAL_CONVERSION = YES;
				CLANG_WARN_OBJC_ROOT_CLASS = YES_ERROR;
				CLANG_WARN_QUOTED_INCLUDE_IN_FRAMEWORK_HEADER = YES;
				CLANG_WARN_RANGE_LOOP_ANALYSIS = YES;
				CLANG_WARN_STRICT_PROTOTYPES = YES;
				CLANG_WARN_SUSPICIOUS_MOVE = YES;
				CLANG_WARN_UNGUARDED_AVAILABILITY = YES_AGGRESSIVE;
				CLANG_WARN_UNREACHABLE_CODE = YES;
				CLANG_WARN__DUPLICATE_METHOD_MATCH = YES;
				COPY_PHASE_STRIP = NO;
				DEBUG_INFORMATION_FORMAT = dwarf;
				ENABLE_STRICT_OBJC_MSGSEND = YES;
				ENABLE_TESTABILITY = YES;
				GCC_C_LANGUAGE_STANDARD = gnu11;
				GCC_DYNAMIC_NO_PIC = NO;
				GCC_NO_COMMON_BLOCKS = YES;
				GCC_OPTIMIZATION_LEVEL = 0;
				GCC_PREPROCESSOR_DEFINITIONS = (
					"DEBUG=1",
					"$(inherited)",
				);
				GCC_WARN_64_TO_32_BIT_CONVERSION = YES;
				GCC_WARN_ABOUT_RETURN_TYPE = YES_ERROR;
				GCC_WARN_UNDECLARED_SELECTOR = YES;
				GCC_WARN_UNINITIALIZED_AUTOS = YES_AGGRESSIVE;
				GCC_WARN_UNUSED_FUNCTION = YES;
				GCC_WARN_UNUSED_VARIABLE = YES;
				IPHONEOS_DEPLOYMENT_TARGET = 15.4;
				MTL_ENABLE_DEBUG_INFO = INCLUDE_SOURCE;
				MTL_FAST_MATH = YES;
				ONLY_ACTIVE_ARCH = YES;
				SDKROOT = iphoneos;
				SWIFT_ACTIVE_COMPILATION_CONDITIONS = DEBUG;
				SWIFT_OPTIMIZATION_LEVEL = "-Onone";
			};
			name = Debug;
		};
		DAA51EB8283544C900529F56 /* Release */ = {
			isa = XCBuildConfiguration;
			buildSettings = {
				ALWAYS_SEARCH_USER_PATHS = NO;
				CLANG_ANALYZER_NONNULL = YES;
				CLANG_ANALYZER_NUMBER_OBJECT_CONVERSION = YES_AGGRESSIVE;
				CLANG_CXX_LANGUAGE_STANDARD = "gnu++17";
				CLANG_ENABLE_MODULES = YES;
				CLANG_ENABLE_OBJC_ARC = YES;
				CLANG_ENABLE_OBJC_WEAK = YES;
				CLANG_WARN_BLOCK_CAPTURE_AUTORELEASING = YES;
				CLANG_WARN_BOOL_CONVERSION = YES;
				CLANG_WARN_COMMA = YES;
				CLANG_WARN_CONSTANT_CONVERSION = YES;
				CLANG_WARN_DEPRECATED_OBJC_IMPLEMENTATIONS = YES;
				CLANG_WARN_DIRECT_OBJC_ISA_USAGE = YES_ERROR;
				CLANG_WARN_DOCUMENTATION_COMMENTS = YES;
				CLANG_WARN_EMPTY_BODY = YES;
				CLANG_WARN_ENUM_CONVERSION = YES;
				CLANG_WARN_INFINITE_RECURSION = YES;
				CLANG_WARN_INT_CONVERSION = YES;
				CLANG_WARN_NON_LITERAL_NULL_CONVERSION = YES;
				CLANG_WARN_OBJC_IMPLICIT_RETAIN_SELF = YES;
				CLANG_WARN_OBJC_LITERAL_CONVERSION = YES;
				CLANG_WARN_OBJC_ROOT_CLASS = YES_ERROR;
				CLANG_WARN_QUOTED_INCLUDE_IN_FRAMEWORK_HEADER = YES;
				CLANG_WARN_RANGE_LOOP_ANALYSIS = YES;
				CLANG_WARN_STRICT_PROTOTYPES = YES;
				CLANG_WARN_SUSPICIOUS_MOVE = YES;
				CLANG_WARN_UNGUARDED_AVAILABILITY = YES_AGGRESSIVE;
				CLANG_WARN_UNREACHABLE_CODE = YES;
				CLANG_WARN__DUPLICATE_METHOD_MATCH = YES;
				COPY_PHASE_STRIP = NO;
				DEBUG_INFORMATION_FORMAT = "dwarf-with-dsym";
				ENABLE_NS_ASSERTIONS = NO;
				ENABLE_STRICT_OBJC_MSGSEND = YES;
				GCC_C_LANGUAGE_STANDARD = gnu11;
				GCC_NO_COMMON_BLOCKS = YES;
				GCC_WARN_64_TO_32_BIT_CONVERSION = YES;
				GCC_WARN_ABOUT_RETURN_TYPE = YES_ERROR;
				GCC_WARN_UNDECLARED_SELECTOR = YES;
				GCC_WARN_UNINITIALIZED_AUTOS = YES_AGGRESSIVE;
				GCC_WARN_UNUSED_FUNCTION = YES;
				GCC_WARN_UNUSED_VARIABLE = YES;
				IPHONEOS_DEPLOYMENT_TARGET = 15.4;
				MTL_ENABLE_DEBUG_INFO = NO;
				MTL_FAST_MATH = YES;
				SDKROOT = iphoneos;
				SWIFT_COMPILATION_MODE = wholemodule;
				SWIFT_OPTIMIZATION_LEVEL = "-O";
				VALIDATE_PRODUCT = YES;
			};
			name = Release;
		};
		DAA51EBA283544C900529F56 /* Debug */ = {
			isa = XCBuildConfiguration;
			baseConfigurationReference = F08AE6A733703BD221B4BD47 /* Pods-playo.debug.xcconfig */;
			buildSettings = {
				ASSETCATALOG_COMPILER_APPICON_NAME = AppIcon;
				ASSETCATALOG_COMPILER_GLOBAL_ACCENT_COLOR_NAME = AccentColor;
				CODE_SIGN_STYLE = Automatic;
				CURRENT_PROJECT_VERSION = 1;
				DEVELOPMENT_TEAM = F638V29VVL;
				GENERATE_INFOPLIST_FILE = YES;
				INFOPLIST_FILE = playo/Info.plist;
				INFOPLIST_KEY_UIApplicationSupportsIndirectInputEvents = YES;
				INFOPLIST_KEY_UILaunchStoryboardName = LaunchScreen;
				INFOPLIST_KEY_UIMainStoryboardFile = Main;
				INFOPLIST_KEY_UISupportedInterfaceOrientations_iPad = "UIInterfaceOrientationPortrait UIInterfaceOrientationPortraitUpsideDown UIInterfaceOrientationLandscapeLeft UIInterfaceOrientationLandscapeRight";
				INFOPLIST_KEY_UISupportedInterfaceOrientations_iPhone = "UIInterfaceOrientationPortrait UIInterfaceOrientationLandscapeLeft UIInterfaceOrientationLandscapeRight";
				LD_RUNPATH_SEARCH_PATHS = (
					"$(inherited)",
					"@executable_path/Frameworks",
				);
				MARKETING_VERSION = 1.0;
				PRODUCT_BUNDLE_IDENTIFIER = com.mactyagi.playo;
				PRODUCT_NAME = "$(TARGET_NAME)";
				SWIFT_EMIT_LOC_STRINGS = YES;
				SWIFT_VERSION = 5.0;
				TARGETED_DEVICE_FAMILY = "1,2";
			};
			name = Debug;
		};
		DAA51EBB283544C900529F56 /* Release */ = {
			isa = XCBuildConfiguration;
			baseConfigurationReference = F1E7B1ED07F0EA4874CAE718 /* Pods-playo.release.xcconfig */;
			buildSettings = {
				ASSETCATALOG_COMPILER_APPICON_NAME = AppIcon;
				ASSETCATALOG_COMPILER_GLOBAL_ACCENT_COLOR_NAME = AccentColor;
				CODE_SIGN_STYLE = Automatic;
				CURRENT_PROJECT_VERSION = 1;
				DEVELOPMENT_TEAM = F638V29VVL;
				GENERATE_INFOPLIST_FILE = YES;
				INFOPLIST_FILE = playo/Info.plist;
				INFOPLIST_KEY_UIApplicationSupportsIndirectInputEvents = YES;
				INFOPLIST_KEY_UILaunchStoryboardName = LaunchScreen;
				INFOPLIST_KEY_UIMainStoryboardFile = Main;
				INFOPLIST_KEY_UISupportedInterfaceOrientations_iPad = "UIInterfaceOrientationPortrait UIInterfaceOrientationPortraitUpsideDown UIInterfaceOrientationLandscapeLeft UIInterfaceOrientationLandscapeRight";
				INFOPLIST_KEY_UISupportedInterfaceOrientations_iPhone = "UIInterfaceOrientationPortrait UIInterfaceOrientationLandscapeLeft UIInterfaceOrientationLandscapeRight";
				LD_RUNPATH_SEARCH_PATHS = (
					"$(inherited)",
					"@executable_path/Frameworks",
				);
				MARKETING_VERSION = 1.0;
				PRODUCT_BUNDLE_IDENTIFIER = com.mactyagi.playo;
				PRODUCT_NAME = "$(TARGET_NAME)";
				SWIFT_EMIT_LOC_STRINGS = YES;
				SWIFT_VERSION = 5.0;
				TARGETED_DEVICE_FAMILY = "1,2";
			};
			name = Release;
		};
/* End XCBuildConfiguration section */

/* Begin XCConfigurationList section */
		DAA51EA0283544C900529F56 /* Build configuration list for PBXProject "playo" */ = {
			isa = XCConfigurationList;
			buildConfigurations = (
				DAA51EB7283544C900529F56 /* Debug */,
				DAA51EB8283544C900529F56 /* Release */,
			);
			defaultConfigurationIsVisible = 0;
			defaultConfigurationName = Release;
		};
		DAA51EB9283544C900529F56 /* Build configuration list for PBXNativeTarget "playo" */ = {
			isa = XCConfigurationList;
			buildConfigurations = (
				DAA51EBA283544C900529F56 /* Debug */,
				DAA51EBB283544C900529F56 /* Release */,
			);
			defaultConfigurationIsVisible = 0;
			defaultConfigurationName = Release;
		};
/* End XCConfigurationList section */
	};
	rootObject = DAA51E9D283544C900529F56 /* Project object */;
}
