PODS:
  - SDWebImage (5.12.5):
    - SDWebImage/Core (= 5.12.5)
  - SDWebImage/Core (5.12.5)

DEPENDENCIES:
  - SDWebImage

SPEC REPOS:
  trunk:
    - SDWebImage

SPEC CHECKSUMS:
  SDWebImage: 0905f1b7760fc8ac4198cae0036600d67478751e

PODFILE CHECKSUM: 376f502e00f0aacbd6694ea5d3cdddc95aabeb55

COCOAPODS: 1.11.3
